Microsoft Visual Studio Solution File, Format Version 12.00
# Visual Studio Version 17
VisualStudioVersion = 17.5.2.0
MinimumVisualStudioVersion = 10.0.40219.1
Project("{2150E333-8FDC-42A3-9474-1A3956D46DE8}") = "k8s", "k8s", "{B7B24896-5348-C98C-8C56-16519305C329}"
EndProject
Project("{2150E333-8FDC-42A3-9474-1A3956D46DE8}") = "templates", "templates", "{FA49F7D9-8CD1-B252-1BE2-8FDD43EE8C55}"
EndProject
Project("{2150E333-8FDC-42A3-9474-1A3956D46DE8}") = "app-template", "app-template", "{4BFAC496-A5B9-53EC-CD1A-B211EF92ECBA}"
EndProject
Project("{FAE04EC0-301F-11D3-BF4B-00C04F79EFBC}") = "APP_NAME", "k8s\templates\app-template\APP_NAME.csproj", "{DCD257C9-51FA-563D-7F81-9519105B1A49}"
EndProject
Global
	GlobalSection(SolutionConfigurationPlatforms) = preSolution
		Debug|Any CPU = Debug|Any CPU
		Release|Any CPU = Release|Any CPU
	EndGlobalSection
	GlobalSection(ProjectConfigurationPlatforms) = postSolution
		{DCD257C9-51FA-563D-7F81-9519105B1A49}.Debug|Any CPU.ActiveCfg = Debug|Any CPU
		{DCD257C9-51FA-563D-7F81-9519105B1A49}.Debug|Any CPU.Build.0 = Debug|Any CPU
		{DCD257C9-51FA-563D-7F81-9519105B1A49}.Release|Any CPU.ActiveCfg = Release|Any CPU
		{DCD257C9-51FA-563D-7F81-9519105B1A49}.Release|Any CPU.Build.0 = Release|Any CPU
	EndGlobalSection
	GlobalSection(SolutionProperties) = preSolution
		HideSolutionNode = FALSE
	EndGlobalSection
	GlobalSection(NestedProjects) = preSolution
		{FA49F7D9-8CD1-B252-1BE2-8FDD43EE8C55} = {B7B24896-5348-C98C-8C56-16519305C329}
		{4BFAC496-A5B9-53EC-CD1A-B211EF92ECBA} = {FA49F7D9-8CD1-B252-1BE2-8FDD43EE8C55}
		{DCD257C9-51FA-563D-7F81-9519105B1A49} = {4BFAC496-A5B9-53EC-CD1A-B211EF92ECBA}
	EndGlobalSection
	GlobalSection(ExtensibilityGlobals) = postSolution
		SolutionGuid = {F70F349B-5BF5-4063-8D49-EC8362BB9A41}
	EndGlobalSection
EndGlobal
